
Microsoft Visual Studio Solution File, Format Version 12.00
Project("{FAE04EC0-301F-11D3-BF4B-00C04F79EFBC}") = "FigureShop.POS", "FigureShop.POS\FigureShop.POS.csproj", "{A6AB4CB3-D2EB-4762-9BEF-16369DDC391D}"
EndProject
Global
	GlobalSection(SolutionConfigurationPlatforms) = preSolution
		Debug|Any CPU = Debug|Any CPU
		Release|Any CPU = Release|Any CPU
	EndGlobalSection
	GlobalSection(ProjectConfigurationPlatforms) = postSolution
		{A6AB4CB3-D2EB-4762-9BEF-16369DDC391D}.Debug|Any CPU.ActiveCfg = Debug|Any CPU
		{A6AB4CB3-D2EB-4762-9BEF-16369DDC391D}.Debug|Any CPU.Build.0 = Debug|Any CPU
		{A6AB4CB3-D2EB-4762-9BEF-16369DDC391D}.Release|Any CPU.ActiveCfg = Release|Any CPU
		{A6AB4CB3-D2EB-4762-9BEF-16369DDC391D}.Release|Any CPU.Build.0 = Release|Any CPU
	EndGlobalSection
EndGlobal
